// !$*UTF8*$!
{
	archiveVersion = 1;
	classes = {
	};
	objectVersion = 45;
	objects = {

/* Begin PBXBuildFile section */
		1D3623260D0F684500981E51 /* imSimRealAppDelegate.m in Sources */ = {isa = PBXBuildFile; fileRef = 1D3623250D0F684500981E51 /* imSimRealAppDelegate.m */; };
		1D60589B0D05DD56006BFB54 /* main.m in Sources */ = {isa = PBXBuildFile; fileRef = 29B97316FDCFA39411CA2CEA /* main.m */; };
		1D60589F0D05DD5A006BFB54 /* Foundation.framework in Frameworks */ = {isa = PBXBuildFile; fileRef = 1D30AB110D05D00D00671497 /* Foundation.framework */; };
		1DF5F4E00D08C38300B7A737 /* UIKit.framework in Frameworks */ = {isa = PBXBuildFile; fileRef = 1DF5F4DF0D08C38300B7A737 /* UIKit.framework */; };
		2892E4100DC94CBA00A64D0F /* CoreGraphics.framework in Frameworks */ = {isa = PBXBuildFile; fileRef = 2892E40F0DC94CBA00A64D0F /* CoreGraphics.framework */; };
		28C286E10D94DF7D0034E888 /* RootViewController.m in Sources */ = {isa = PBXBuildFile; fileRef = 28C286E00D94DF7D0034E888 /* RootViewController.m */; };
		52D0EAB40FD8836500F1C8B9 /* IMSRGravity.m in Sources */ = {isa = PBXBuildFile; fileRef = 52D0EAB20FD8836500F1C8B9 /* IMSRGravity.m */; };
		52D0EAB50FD8836500F1C8B9 /* IMSRPointObject.m in Sources */ = {isa = PBXBuildFile; fileRef = 52D0EAB30FD8836500F1C8B9 /* IMSRPointObject.m */; };
		52D0EAC60FD8847E00F1C8B9 /* GTMIPhoneUnitTestDelegate.m in Sources */ = {isa = PBXBuildFile; fileRef = 52D0EAC20FD8847E00F1C8B9 /* GTMIPhoneUnitTestDelegate.m */; };
		52D0EAC70FD8847E00F1C8B9 /* GTMIPhoneUnitTestMain.m in Sources */ = {isa = PBXBuildFile; fileRef = 52D0EAC30FD8847E00F1C8B9 /* GTMIPhoneUnitTestMain.m */; };
		52D0EAC80FD8847E00F1C8B9 /* GTMSenTestCase.m in Sources */ = {isa = PBXBuildFile; fileRef = 52D0EAC50FD8847E00F1C8B9 /* GTMSenTestCase.m */; };
		52D0EADD0FD8867800F1C8B9 /* IMSRGravityTestCases.m in Sources */ = {isa = PBXBuildFile; fileRef = 52D0EADA0FD8867800F1C8B9 /* IMSRGravityTestCases.m */; };
		52D0EADE0FD8867800F1C8B9 /* IMSRPointObjectTestCases.m in Sources */ = {isa = PBXBuildFile; fileRef = 52D0EADC0FD8867800F1C8B9 /* IMSRPointObjectTestCases.m */; };
		52D0EAE00FD8869A00F1C8B9 /* LICENSE in Resources */ = {isa = PBXBuildFile; fileRef = 52D0EADF0FD8869A00F1C8B9 /* LICENSE */; };
		52D0EAE10FD8869A00F1C8B9 /* LICENSE in Resources */ = {isa = PBXBuildFile; fileRef = 52D0EADF0FD8869A00F1C8B9 /* LICENSE */; };
		52D0EAE60FD889D200F1C8B9 /* IMSRGravity.m in Sources */ = {isa = PBXBuildFile; fileRef = 52D0EAB20FD8836500F1C8B9 /* IMSRGravity.m */; };
		52D0EAE70FD889E100F1C8B9 /* IMSRPointObject.m in Sources */ = {isa = PBXBuildFile; fileRef = 52D0EAB30FD8836500F1C8B9 /* IMSRPointObject.m */; };
		52D0EB110FD88D9D00F1C8B9 /* Gravity.plist in Resources */ = {isa = PBXBuildFile; fileRef = 52D0EB100FD88D9D00F1C8B9 /* Gravity.plist */; };
		52D0EB120FD88D9D00F1C8B9 /* Gravity.plist in Resources */ = {isa = PBXBuildFile; fileRef = 52D0EB100FD88D9D00F1C8B9 /* Gravity.plist */; };
		52D0EB820FD9A04000F1C8B9 /* MainWindow.xib in Resources */ = {isa = PBXBuildFile; fileRef = 52D0EB800FD9A04000F1C8B9 /* MainWindow.xib */; };
		52D0EB830FD9A04000F1C8B9 /* RootViewController.xib in Resources */ = {isa = PBXBuildFile; fileRef = 52D0EB810FD9A04000F1C8B9 /* RootViewController.xib */; };
		52D0EC070FD9B9B000F1C8B9 /* disclosureButtonControllerIcon.png in Resources */ = {isa = PBXBuildFile; fileRef = 52D0EC060FD9B9B000F1C8B9 /* disclosureButtonControllerIcon.png */; };
		52D0EC630FD9F2F900F1C8B9 /* RootTests.plist in Resources */ = {isa = PBXBuildFile; fileRef = 52D0EC620FD9F2F900F1C8B9 /* RootTests.plist */; };
		52D0EC660FD9F5BB00F1C8B9 /* SublevelViewController.m in Sources */ = {isa = PBXBuildFile; fileRef = 52D0EC650FD9F5BB00F1C8B9 /* SublevelViewController.m */; };
		52D0EC690FD9F6AA00F1C8B9 /* TestList.m in Sources */ = {isa = PBXBuildFile; fileRef = 52D0EC680FD9F6AA00F1C8B9 /* TestList.m */; };
		52D0EC880FDAC6C700F1C8B9 /* Test.m in Sources */ = {isa = PBXBuildFile; fileRef = 52D0EC870FDAC6C700F1C8B9 /* Test.m */; };
		52D0ECD90FDAF87100F1C8B9 /* GravityTests.plist in Resources */ = {isa = PBXBuildFile; fileRef = 52D0ECD80FDAF87100F1C8B9 /* GravityTests.plist */; };
		52D0ECE30FDB075200F1C8B9 /* TestGravity.m in Sources */ = {isa = PBXBuildFile; fileRef = 52D0ECE20FDB075200F1C8B9 /* TestGravity.m */; };
/* End PBXBuildFile section */

/* Begin PBXFileReference section */
		1D30AB110D05D00D00671497 /* Foundation.framework */ = {isa = PBXFileReference; lastKnownFileType = wrapper.framework; name = Foundation.framework; path = System/Library/Frameworks/Foundation.framework; sourceTree = SDKROOT; };
		1D3623240D0F684500981E51 /* imSimRealAppDelegate.h */ = {isa = PBXFileReference; fileEncoding = 4; lastKnownFileType = sourcecode.c.h; path = imSimRealAppDelegate.h; sourceTree = "<group>"; };
		1D3623250D0F684500981E51 /* imSimRealAppDelegate.m */ = {isa = PBXFileReference; fileEncoding = 4; lastKnownFileType = sourcecode.c.objc; path = imSimRealAppDelegate.m; sourceTree = "<group>"; };
		1D6058910D05DD3D006BFB54 /* imSimReal.app */ = {isa = PBXFileReference; explicitFileType = wrapper.application; includeInIndex = 0; path = imSimReal.app; sourceTree = BUILT_PRODUCTS_DIR; };
		1DF5F4DF0D08C38300B7A737 /* UIKit.framework */ = {isa = PBXFileReference; lastKnownFileType = wrapper.framework; name = UIKit.framework; path = System/Library/Frameworks/UIKit.framework; sourceTree = SDKROOT; };
		2892E40F0DC94CBA00A64D0F /* CoreGraphics.framework */ = {isa = PBXFileReference; lastKnownFileType = wrapper.framework; name = CoreGraphics.framework; path = System/Library/Frameworks/CoreGraphics.framework; sourceTree = SDKROOT; };
		28A0AAE50D9B0CCF005BE974 /* imSimReal_Prefix.pch */ = {isa = PBXFileReference; fileEncoding = 4; lastKnownFileType = sourcecode.c.h; path = imSimReal_Prefix.pch; sourceTree = "<group>"; };
		28C286DF0D94DF7D0034E888 /* RootViewController.h */ = {isa = PBXFileReference; fileEncoding = 4; lastKnownFileType = sourcecode.c.h; path = RootViewController.h; sourceTree = "<group>"; };
		28C286E00D94DF7D0034E888 /* RootViewController.m */ = {isa = PBXFileReference; fileEncoding = 4; lastKnownFileType = sourcecode.c.objc; path = RootViewController.m; sourceTree = "<group>"; };
		29B97316FDCFA39411CA2CEA /* main.m */ = {isa = PBXFileReference; fileEncoding = 4; lastKnownFileType = sourcecode.c.objc; path = main.m; sourceTree = "<group>"; };
		52D0EAB00FD8835100F1C8B9 /* IMSRPointObject.h */ = {isa = PBXFileReference; fileEncoding = 4; lastKnownFileType = sourcecode.c.h; path = IMSRPointObject.h; sourceTree = SOURCE_ROOT; };
		52D0EAB10FD8836500F1C8B9 /* IMSRGravity.h */ = {isa = PBXFileReference; fileEncoding = 4; lastKnownFileType = sourcecode.c.h; path = IMSRGravity.h; sourceTree = SOURCE_ROOT; };
		52D0EAB20FD8836500F1C8B9 /* IMSRGravity.m */ = {isa = PBXFileReference; fileEncoding = 4; lastKnownFileType = sourcecode.c.objc; path = IMSRGravity.m; sourceTree = SOURCE_ROOT; };
		52D0EAB30FD8836500F1C8B9 /* IMSRPointObject.m */ = {isa = PBXFileReference; fileEncoding = 4; lastKnownFileType = sourcecode.c.objc; path = IMSRPointObject.m; sourceTree = SOURCE_ROOT; };
		52D0EABB0FD883F300F1C8B9 /* Unit Test.app */ = {isa = PBXFileReference; explicitFileType = wrapper.application; includeInIndex = 0; path = "Unit Test.app"; sourceTree = BUILT_PRODUCTS_DIR; };
		52D0EABD0FD883F300F1C8B9 /* Unit Test-Info.plist */ = {isa = PBXFileReference; lastKnownFileType = text.plist.xml; path = "Unit Test-Info.plist"; sourceTree = "<group>"; };
		52D0EAC10FD8847E00F1C8B9 /* GTMIPhoneUnitTestDelegate.h */ = {isa = PBXFileReference; fileEncoding = 4; lastKnownFileType = sourcecode.c.h; name = GTMIPhoneUnitTestDelegate.h; path = "../google-toolbox-for-mac/UnitTesting/GTMIPhoneUnitTestDelegate.h"; sourceTree = SOURCE_ROOT; };
		52D0EAC20FD8847E00F1C8B9 /* GTMIPhoneUnitTestDelegate.m */ = {isa = PBXFileReference; fileEncoding = 4; lastKnownFileType = sourcecode.c.objc; name = GTMIPhoneUnitTestDelegate.m; path = "../google-toolbox-for-mac/UnitTesting/GTMIPhoneUnitTestDelegate.m"; sourceTree = SOURCE_ROOT; };
		52D0EAC30FD8847E00F1C8B9 /* GTMIPhoneUnitTestMain.m */ = {isa = PBXFileReference; fileEncoding = 4; lastKnownFileType = sourcecode.c.objc; name = GTMIPhoneUnitTestMain.m; path = "../google-toolbox-for-mac/UnitTesting/GTMIPhoneUnitTestMain.m"; sourceTree = SOURCE_ROOT; };
		52D0EAC40FD8847E00F1C8B9 /* GTMSenTestCase.h */ = {isa = PBXFileReference; fileEncoding = 4; lastKnownFileType = sourcecode.c.h; name = GTMSenTestCase.h; path = "../google-toolbox-for-mac/UnitTesting/GTMSenTestCase.h"; sourceTree = SOURCE_ROOT; };
		52D0EAC50FD8847E00F1C8B9 /* GTMSenTestCase.m */ = {isa = PBXFileReference; fileEncoding = 4; lastKnownFileType = sourcecode.c.objc; name = GTMSenTestCase.m; path = "../google-toolbox-for-mac/UnitTesting/GTMSenTestCase.m"; sourceTree = SOURCE_ROOT; };
		52D0EAC90FD884AB00F1C8B9 /* GTMDefines.h */ = {isa = PBXFileReference; fileEncoding = 4; lastKnownFileType = sourcecode.c.h; name = GTMDefines.h; path = "../google-toolbox-for-mac/GTMDefines.h"; sourceTree = SOURCE_ROOT; };
		52D0EAD90FD8867800F1C8B9 /* IMSRGravityTestCases.h */ = {isa = PBXFileReference; fileEncoding = 4; lastKnownFileType = sourcecode.c.h; path = IMSRGravityTestCases.h; sourceTree = SOURCE_ROOT; };
		52D0EADA0FD8867800F1C8B9 /* IMSRGravityTestCases.m */ = {isa = PBXFileReference; fileEncoding = 4; lastKnownFileType = sourcecode.c.objc; path = IMSRGravityTestCases.m; sourceTree = SOURCE_ROOT; };
		52D0EADB0FD8867800F1C8B9 /* IMSRPointObjectTestCases.h */ = {isa = PBXFileReference; fileEncoding = 4; lastKnownFileType = sourcecode.c.h; path = IMSRPointObjectTestCases.h; sourceTree = SOURCE_ROOT; };
		52D0EADC0FD8867800F1C8B9 /* IMSRPointObjectTestCases.m */ = {isa = PBXFileReference; fileEncoding = 4; lastKnownFileType = sourcecode.c.objc; path = IMSRPointObjectTestCases.m; sourceTree = SOURCE_ROOT; };
		52D0EADF0FD8869A00F1C8B9 /* LICENSE */ = {isa = PBXFileReference; fileEncoding = 4; lastKnownFileType = text; path = LICENSE; sourceTree = SOURCE_ROOT; };
		52D0EB100FD88D9D00F1C8B9 /* Gravity.plist */ = {isa = PBXFileReference; fileEncoding = 4; lastKnownFileType = text.plist.xml; path = Gravity.plist; sourceTree = SOURCE_ROOT; };
		52D0EB800FD9A04000F1C8B9 /* MainWindow.xib */ = {isa = PBXFileReference; lastKnownFileType = file.xib; path = MainWindow.xib; sourceTree = SOURCE_ROOT; };
		52D0EB810FD9A04000F1C8B9 /* RootViewController.xib */ = {isa = PBXFileReference; lastKnownFileType = file.xib; path = RootViewController.xib; sourceTree = SOURCE_ROOT; };
		52D0EC060FD9B9B000F1C8B9 /* disclosureButtonControllerIcon.png */ = {isa = PBXFileReference; lastKnownFileType = image.png; path = disclosureButtonControllerIcon.png; sourceTree = SOURCE_ROOT; };
		52D0EC620FD9F2F900F1C8B9 /* RootTests.plist */ = {isa = PBXFileReference; fileEncoding = 4; lastKnownFileType = text.plist.xml; path = RootTests.plist; sourceTree = "<group>"; };
		52D0EC640FD9F5BB00F1C8B9 /* SublevelViewController.h */ = {isa = PBXFileReference; fileEncoding = 4; lastKnownFileType = sourcecode.c.h; path = SublevelViewController.h; sourceTree = "<group>"; };
		52D0EC650FD9F5BB00F1C8B9 /* SublevelViewController.m */ = {isa = PBXFileReference; fileEncoding = 4; lastKnownFileType = sourcecode.c.objc; path = SublevelViewController.m; sourceTree = "<group>"; };
		52D0EC670FD9F6AA00F1C8B9 /* TestList.h */ = {isa = PBXFileReference; fileEncoding = 4; lastKnownFileType = sourcecode.c.h; path = TestList.h; sourceTree = "<group>"; };
		52D0EC680FD9F6AA00F1C8B9 /* TestList.m */ = {isa = PBXFileReference; fileEncoding = 4; lastKnownFileType = sourcecode.c.objc; path = TestList.m; sourceTree = "<group>"; };
		52D0EC860FDAC6C700F1C8B9 /* Test.h */ = {isa = PBXFileReference; fileEncoding = 4; lastKnownFileType = sourcecode.c.h; path = Test.h; sourceTree = "<group>"; };
		52D0EC870FDAC6C700F1C8B9 /* Test.m */ = {isa = PBXFileReference; fileEncoding = 4; lastKnownFileType = sourcecode.c.objc; path = Test.m; sourceTree = "<group>"; };
		52D0ECD80FDAF87100F1C8B9 /* GravityTests.plist */ = {isa = PBXFileReference; fileEncoding = 4; lastKnownFileType = text.plist.xml; path = GravityTests.plist; sourceTree = "<group>"; };
		52D0ECE10FDB075200F1C8B9 /* TestGravity.h */ = {isa = PBXFileReference; fileEncoding = 4; lastKnownFileType = sourcecode.c.h; path = TestGravity.h; sourceTree = "<group>"; };
		52D0ECE20FDB075200F1C8B9 /* TestGravity.m */ = {isa = PBXFileReference; fileEncoding = 4; lastKnownFileType = sourcecode.c.objc; path = TestGravity.m; sourceTree = "<group>"; };
		8D1107310486CEB800E47090 /* Info.plist */ = {isa = PBXFileReference; fileEncoding = 4; lastKnownFileType = text.plist.xml; path = Info.plist; sourceTree = "<group>"; };
/* End PBXFileReference section */

/* Begin PBXFrameworksBuildPhase section */
		1D60588F0D05DD3D006BFB54 /* Frameworks */ = {
			isa = PBXFrameworksBuildPhase;
			buildActionMask = 2147483647;
			files = (
				1D60589F0D05DD5A006BFB54 /* Foundation.framework in Frameworks */,
				1DF5F4E00D08C38300B7A737 /* UIKit.framework in Frameworks */,
				2892E4100DC94CBA00A64D0F /* CoreGraphics.framework in Frameworks */,
			);
			runOnlyForDeploymentPostprocessing = 0;
		};
		52D0EAB90FD883F300F1C8B9 /* Frameworks */ = {
			isa = PBXFrameworksBuildPhase;
			buildActionMask = 2147483647;
			files = (
			);
			runOnlyForDeploymentPostprocessing = 0;
		};
/* End PBXFrameworksBuildPhase section */

/* Begin PBXGroup section */
		080E96DDFE201D6D7F000001 /* Classes */ = {
			isa = PBXGroup;
			children = (
				52D0EAB10FD8836500F1C8B9 /* IMSRGravity.h */,
				52D0EAB20FD8836500F1C8B9 /* IMSRGravity.m */,
				52D0EAB30FD8836500F1C8B9 /* IMSRPointObject.m */,
				52D0EAB00FD8835100F1C8B9 /* IMSRPointObject.h */,
				28C286DF0D94DF7D0034E888 /* RootViewController.h */,
				28C286E00D94DF7D0034E888 /* RootViewController.m */,
				1D3623240D0F684500981E51 /* imSimRealAppDelegate.h */,
				1D3623250D0F684500981E51 /* imSimRealAppDelegate.m */,
				52D0EC640FD9F5BB00F1C8B9 /* SublevelViewController.h */,
				52D0EC650FD9F5BB00F1C8B9 /* SublevelViewController.m */,
				52D0EC670FD9F6AA00F1C8B9 /* TestList.h */,
				52D0EC680FD9F6AA00F1C8B9 /* TestList.m */,
				52D0EC860FDAC6C700F1C8B9 /* Test.h */,
				52D0EC870FDAC6C700F1C8B9 /* Test.m */,
				52D0ECE10FDB075200F1C8B9 /* TestGravity.h */,
				52D0ECE20FDB075200F1C8B9 /* TestGravity.m */,
			);
			path = Classes;
			sourceTree = "<group>";
		};
		19C28FACFE9D520D11CA2CBB /* Products */ = {
			isa = PBXGroup;
			children = (
				1D6058910D05DD3D006BFB54 /* imSimReal.app */,
				52D0EABB0FD883F300F1C8B9 /* Unit Test.app */,
			);
			name = Products;
			sourceTree = "<group>";
		};
		29B97314FDCFA39411CA2CEA /* CustomTemplate */ = {
			isa = PBXGroup;
			children = (
				52D0EAB60FD8837200F1C8B9 /* UnitTest */,
				080E96DDFE201D6D7F000001 /* Classes */,
				29B97315FDCFA39411CA2CEA /* Other Sources */,
				29B97317FDCFA39411CA2CEA /* Resources */,
				29B97323FDCFA39411CA2CEA /* Frameworks */,
				19C28FACFE9D520D11CA2CBB /* Products */,
				52D0EABD0FD883F300F1C8B9 /* Unit Test-Info.plist */,
			);
			name = CustomTemplate;
			sourceTree = "<group>";
		};
		29B97315FDCFA39411CA2CEA /* Other Sources */ = {
			isa = PBXGroup;
			children = (
				28A0AAE50D9B0CCF005BE974 /* imSimReal_Prefix.pch */,
				29B97316FDCFA39411CA2CEA /* main.m */,
			);
			name = "Other Sources";
			sourceTree = "<group>";
		};
		29B97317FDCFA39411CA2CEA /* Resources */ = {
			isa = PBXGroup;
			children = (
				52D0EC060FD9B9B000F1C8B9 /* disclosureButtonControllerIcon.png */,
				52D0EB800FD9A04000F1C8B9 /* MainWindow.xib */,
				52D0EB100FD88D9D00F1C8B9 /* Gravity.plist */,
				52D0EB810FD9A04000F1C8B9 /* RootViewController.xib */,
				52D0EADF0FD8869A00F1C8B9 /* LICENSE */,
				8D1107310486CEB800E47090 /* Info.plist */,
				52D0EC620FD9F2F900F1C8B9 /* RootTests.plist */,
				52D0ECD80FDAF87100F1C8B9 /* GravityTests.plist */,
			);
			name = Resources;
			sourceTree = "<group>";
		};
		29B97323FDCFA39411CA2CEA /* Frameworks */ = {
			isa = PBXGroup;
			children = (
				1DF5F4DF0D08C38300B7A737 /* UIKit.framework */,
				1D30AB110D05D00D00671497 /* Foundation.framework */,
				2892E40F0DC94CBA00A64D0F /* CoreGraphics.framework */,
			);
			name = Frameworks;
			sourceTree = "<group>";
		};
		52D0EAB60FD8837200F1C8B9 /* UnitTest */ = {
			isa = PBXGroup;
			children = (
				52D0EAD90FD8867800F1C8B9 /* IMSRGravityTestCases.h */,
				52D0EADA0FD8867800F1C8B9 /* IMSRGravityTestCases.m */,
				52D0EADB0FD8867800F1C8B9 /* IMSRPointObjectTestCases.h */,
				52D0EADC0FD8867800F1C8B9 /* IMSRPointObjectTestCases.m */,
				52D0EAC90FD884AB00F1C8B9 /* GTMDefines.h */,
				52D0EAC10FD8847E00F1C8B9 /* GTMIPhoneUnitTestDelegate.h */,
				52D0EAC20FD8847E00F1C8B9 /* GTMIPhoneUnitTestDelegate.m */,
				52D0EAC30FD8847E00F1C8B9 /* GTMIPhoneUnitTestMain.m */,
				52D0EAC40FD8847E00F1C8B9 /* GTMSenTestCase.h */,
				52D0EAC50FD8847E00F1C8B9 /* GTMSenTestCase.m */,
			);
			name = UnitTest;
			sourceTree = "<group>";
		};
/* End PBXGroup section */

/* Begin PBXNativeTarget section */
		1D6058900D05DD3D006BFB54 /* imSimReal */ = {
			isa = PBXNativeTarget;
			buildConfigurationList = 1D6058960D05DD3E006BFB54 /* Build configuration list for PBXNativeTarget "imSimReal" */;
			buildPhases = (
				1D60588D0D05DD3D006BFB54 /* Resources */,
				1D60588E0D05DD3D006BFB54 /* Sources */,
				1D60588F0D05DD3D006BFB54 /* Frameworks */,
			);
			buildRules = (
			);
			dependencies = (
			);
			name = imSimReal;
			productName = imSimReal;
			productReference = 1D6058910D05DD3D006BFB54 /* imSimReal.app */;
			productType = "com.apple.product-type.application";
		};
		52D0EABA0FD883F300F1C8B9 /* Unit Test */ = {
			isa = PBXNativeTarget;
			buildConfigurationList = 52D0EAC00FD883F300F1C8B9 /* Build configuration list for PBXNativeTarget "Unit Test" */;
			buildPhases = (
				52D0EAB70FD883F300F1C8B9 /* Resources */,
				52D0EAB80FD883F300F1C8B9 /* Sources */,
				52D0EAB90FD883F300F1C8B9 /* Frameworks */,
				52D0EACB0FD884DC00F1C8B9 /* ShellScript */,
			);
			buildRules = (
			);
			dependencies = (
			);
			name = "Unit Test";
			productName = "Unit Test";
			productReference = 52D0EABB0FD883F300F1C8B9 /* Unit Test.app */;
			productType = "com.apple.product-type.application";
		};
/* End PBXNativeTarget section */

/* Begin PBXProject section */
		29B97313FDCFA39411CA2CEA /* Project object */ = {
			isa = PBXProject;
			buildConfigurationList = C01FCF4E08A954540054247B /* Build configuration list for PBXProject "imSimReal" */;
			compatibilityVersion = "Xcode 3.1";
			hasScannedForEncodings = 1;
			knownRegions = (
				English,
				Japanese,
				French,
				German,
				en,
			);
			mainGroup = 29B97314FDCFA39411CA2CEA /* CustomTemplate */;
			projectDirPath = "";
			projectRoot = "";
			targets = (
				1D6058900D05DD3D006BFB54 /* imSimReal */,
				52D0EABA0FD883F300F1C8B9 /* Unit Test */,
			);
		};
/* End PBXProject section */

/* Begin PBXResourcesBuildPhase section */
		1D60588D0D05DD3D006BFB54 /* Resources */ = {
			isa = PBXResourcesBuildPhase;
			buildActionMask = 2147483647;
			files = (
				52D0EAE10FD8869A00F1C8B9 /* LICENSE in Resources */,
				52D0EB120FD88D9D00F1C8B9 /* Gravity.plist in Resources */,
				52D0EB820FD9A04000F1C8B9 /* MainWindow.xib in Resources */,
				52D0EB830FD9A04000F1C8B9 /* RootViewController.xib in Resources */,
				52D0EC070FD9B9B000F1C8B9 /* disclosureButtonControllerIcon.png in Resources */,
				52D0EC630FD9F2F900F1C8B9 /* RootTests.plist in Resources */,
				52D0ECD90FDAF87100F1C8B9 /* GravityTests.plist in Resources */,
			);
			runOnlyForDeploymentPostprocessing = 0;
		};
		52D0EAB70FD883F300F1C8B9 /* Resources */ = {
			isa = PBXResourcesBuildPhase;
			buildActionMask = 2147483647;
			files = (
				52D0EAE00FD8869A00F1C8B9 /* LICENSE in Resources */,
				52D0EB110FD88D9D00F1C8B9 /* Gravity.plist in Resources */,
			);
			runOnlyForDeploymentPostprocessing = 0;
		};
/* End PBXResourcesBuildPhase section */

/* Begin PBXShellScriptBuildPhase section */
		52D0EACB0FD884DC00F1C8B9 /* ShellScript */ = {
			isa = PBXShellScriptBuildPhase;
			buildActionMask = 2147483647;
			files = (
			);
			inputPaths = (
			);
			outputPaths = (
			);
			runOnlyForDeploymentPostprocessing = 0;
			shellPath = /bin/sh;
			shellScript = "$HOME/Documents/Projects/google-toolbox-for-mac/UnitTesting/RunIPhoneUnitTest.sh";
		};
/* End PBXShellScriptBuildPhase section */

/* Begin PBXSourcesBuildPhase section */
		1D60588E0D05DD3D006BFB54 /* Sources */ = {
			isa = PBXSourcesBuildPhase;
			buildActionMask = 2147483647;
			files = (
				1D60589B0D05DD56006BFB54 /* main.m in Sources */,
				1D3623260D0F684500981E51 /* imSimRealAppDelegate.m in Sources */,
				28C286E10D94DF7D0034E888 /* RootViewController.m in Sources */,
				52D0EAB40FD8836500F1C8B9 /* IMSRGravity.m in Sources */,
				52D0EAB50FD8836500F1C8B9 /* IMSRPointObject.m in Sources */,
				52D0EC660FD9F5BB00F1C8B9 /* SublevelViewController.m in Sources */,
				52D0EC690FD9F6AA00F1C8B9 /* TestList.m in Sources */,
				52D0EC880FDAC6C700F1C8B9 /* Test.m in Sources */,
				52D0ECE30FDB075200F1C8B9 /* TestGravity.m in Sources */,
			);
			runOnlyForDeploymentPostprocessing = 0;
		};
		52D0EAB80FD883F300F1C8B9 /* Sources */ = {
			isa = PBXSourcesBuildPhase;
			buildActionMask = 2147483647;
			files = (
				52D0EAC60FD8847E00F1C8B9 /* GTMIPhoneUnitTestDelegate.m in Sources */,
				52D0EAC70FD8847E00F1C8B9 /* GTMIPhoneUnitTestMain.m in Sources */,
				52D0EAC80FD8847E00F1C8B9 /* GTMSenTestCase.m in Sources */,
				52D0EADD0FD8867800F1C8B9 /* IMSRGravityTestCases.m in Sources */,
				52D0EADE0FD8867800F1C8B9 /* IMSRPointObjectTestCases.m in Sources */,
				52D0EAE60FD889D200F1C8B9 /* IMSRGravity.m in Sources */,
				52D0EAE70FD889E100F1C8B9 /* IMSRPointObject.m in Sources */,
			);
			runOnlyForDeploymentPostprocessing = 0;
		};
/* End PBXSourcesBuildPhase section */

/* Begin XCBuildConfiguration section */
		1D6058940D05DD3E006BFB54 /* Debug */ = {
			isa = XCBuildConfiguration;
			buildSettings = {
				ALWAYS_SEARCH_USER_PATHS = NO;
				COPY_PHASE_STRIP = NO;
				GCC_DYNAMIC_NO_PIC = NO;
				GCC_OPTIMIZATION_LEVEL = 0;
				GCC_PRECOMPILE_PREFIX_HEADER = YES;
				GCC_PREFIX_HEADER = imSimReal_Prefix.pch;
				INFOPLIST_FILE = Info.plist;
				PRODUCT_NAME = imSimReal;
			};
			name = Debug;
		};
		1D6058950D05DD3E006BFB54 /* Release */ = {
			isa = XCBuildConfiguration;
			buildSettings = {
				ALWAYS_SEARCH_USER_PATHS = NO;
				COPY_PHASE_STRIP = YES;
				GCC_PRECOMPILE_PREFIX_HEADER = YES;
				GCC_PREFIX_HEADER = imSimReal_Prefix.pch;
				INFOPLIST_FILE = Info.plist;
				PRODUCT_NAME = imSimReal;
			};
			name = Release;
		};
		52D0EABE0FD883F300F1C8B9 /* Debug */ = {
			isa = XCBuildConfiguration;
			buildSettings = {
				ALWAYS_SEARCH_USER_PATHS = NO;
				CODE_SIGN_IDENTITY = "iPhone Developer";
				COPY_PHASE_STRIP = NO;
				GCC_DYNAMIC_NO_PIC = NO;
				GCC_OPTIMIZATION_LEVEL = 0;
				GCC_PRECOMPILE_PREFIX_HEADER = YES;
				GCC_PREFIX_HEADER = "$(SYSTEM_LIBRARY_DIR)/Frameworks/UIKit.framework/Headers/UIKit.h";
				INFOPLIST_FILE = "Unit Test-Info.plist";
				INSTALL_PATH = "$(HOME)/Applications";
				OTHER_LDFLAGS = (
					"-framework",
					Foundation,
					"-framework",
					UIKit,
				);
				PREBINDING = NO;
				PRODUCT_NAME = "Unit Test";
				SDKROOT = iphoneos2.2.1;
			};
			name = Debug;
		};
		52D0EABF0FD883F300F1C8B9 /* Release */ = {
			isa = XCBuildConfiguration;
			buildSettings = {
				ALWAYS_SEARCH_USER_PATHS = NO;
				CODE_SIGN_IDENTITY = "iPhone Developer";
				COPY_PHASE_STRIP = YES;
				DEBUG_INFORMATION_FORMAT = "dwarf-with-dsym";
				GCC_ENABLE_FIX_AND_CONTINUE = NO;
				GCC_PRECOMPILE_PREFIX_HEADER = YES;
				GCC_PREFIX_HEADER = "$(SYSTEM_LIBRARY_DIR)/Frameworks/UIKit.framework/Headers/UIKit.h";
				INFOPLIST_FILE = "Unit Test-Info.plist";
				INSTALL_PATH = "$(HOME)/Applications";
				OTHER_LDFLAGS = (
					"-framework",
					Foundation,
					"-framework",
					UIKit,
				);
				PREBINDING = NO;
				PRODUCT_NAME = "Unit Test";
				SDKROOT = iphoneos2.2.1;
				ZERO_LINK = NO;
			};
			name = Release;
		};
		C01FCF4F08A954540054247B /* Debug */ = {
			isa = XCBuildConfiguration;
			buildSettings = {
				ARCHS = "$(ARCHS_STANDARD_32_BIT)";
				"CODE_SIGN_IDENTITY[sdk=iphoneos*]" = "iPhone Developer";
				GCC_C_LANGUAGE_STANDARD = c99;
				GCC_WARN_ABOUT_RETURN_TYPE = YES;
				GCC_WARN_UNUSED_VARIABLE = YES;
				ONLY_ACTIVE_ARCH = YES;
				PREBINDING = NO;
				SDKROOT = iphoneos2.2.1;
			};
			name = Debug;
		};
		C01FCF5008A954540054247B /* Release */ = {
			isa = XCBuildConfiguration;
			buildSettings = {
				ARCHS = "$(ARCHS_STANDARD_32_BIT)";
				"CODE_SIGN_IDENTITY[sdk=iphoneos*]" = "iPhone Developer";
				GCC_C_LANGUAGE_STANDARD = c99;
				GCC_WARN_ABOUT_RETURN_TYPE = YES;
				GCC_WARN_UNUSED_VARIABLE = YES;
				PREBINDING = NO;
				SDKROOT = iphoneos2.2.1;
			};
			name = Release;
		};
/* End XCBuildConfiguration section */

/* Begin XCConfigurationList section */
		1D6058960D05DD3E006BFB54 /* Build configuration list for PBXNativeTarget "imSimReal" */ = {
			isa = XCConfigurationList;
			buildConfigurations = (
				1D6058940D05DD3E006BFB54 /* Debug */,
				1D6058950D05DD3E006BFB54 /* Release */,
			);
			defaultConfigurationIsVisible = 0;
			defaultConfigurationName = Release;
		};
		52D0EAC00FD883F300F1C8B9 /* Build configuration list for PBXNativeTarget "Unit Test" */ = {
			isa = XCConfigurationList;
			buildConfigurations = (
				52D0EABE0FD883F300F1C8B9 /* Debug */,
				52D0EABF0FD883F300F1C8B9 /* Release */,
			);
			defaultConfigurationIsVisible = 0;
			defaultConfigurationName = Release;
		};
		C01FCF4E08A954540054247B /* Build configuration list for PBXProject "imSimReal" */ = {
			isa = XCConfigurationList;
			buildConfigurations = (
				C01FCF4F08A954540054247B /* Debug */,
				C01FCF5008A954540054247B /* Release */,
			);
			defaultConfigurationIsVisible = 0;
			defaultConfigurationName = Release;
		};
/* End XCConfigurationList section */
	};
	rootObject = 29B97313FDCFA39411CA2CEA /* Project object */;
}
